
Microsoft Visual Studio Solution File, Format Version 12.00
# Visual Studio Version 17
VisualStudioVersion = 17.8.34330.188
MinimumVisualStudioVersion = 10.0.40219.1
Project("{8BC9CEB8-8B4A-11D0-8D11-00A0C91BC942}") = "15-5", "15-5.vcxproj", "{3A230425-49BD-4491-8740-FBCB24A2908A}"
EndProject
Global
	GlobalSection(SolutionConfigurationPlatforms) = preSolution
		Debug|x64 = Debug|x64
		Debug|x86 = Debug|x86
		Release|x64 = Release|x64
		Release|x86 = Release|x86
	EndGlobalSection
	GlobalSection(ProjectConfigurationPlatforms) = postSolution
		{3A230425-49BD-4491-8740-FBCB24A2908A}.Debug|x64.ActiveCfg = Debug|x64
		{3A230425-49BD-4491-8740-FBCB24A2908A}.Debug|x64.Build.0 = Debug|x64
		{3A230425-49BD-4491-8740-FBCB24A2908A}.Debug|x86.ActiveCfg = Debug|Win32
		{3A230425-49BD-4491-8740-FBCB24A2908A}.Debug|x86.Build.0 = Debug|Win32
		{3A230425-49BD-4491-8740-FBCB24A2908A}.Release|x64.ActiveCfg = Release|x64
		{3A230425-49BD-4491-8740-FBCB24A2908A}.Release|x64.Build.0 = Release|x64
		{3A230425-49BD-4491-8740-FBCB24A2908A}.Release|x86.ActiveCfg = Release|Win32
		{3A230425-49BD-4491-8740-FBCB24A2908A}.Release|x86.Build.0 = Release|Win32
	EndGlobalSection
	GlobalSection(SolutionProperties) = preSolution
		HideSolutionNode = FALSE
	EndGlobalSection
	GlobalSection(ExtensibilityGlobals) = postSolution
		SolutionGuid = {597EA808-BDA1-4927-8D7A-713F1758A856}
	EndGlobalSection
EndGlobal
